
Microsoft Visual Studio Solution File, Format Version 12.00
# Visual Studio Version 17
VisualStudioVersion = 17.14.36327.8 d17.14
MinimumVisualStudioVersion = 10.0.40219.1
Project("{FAE04EC0-301F-11D3-BF4B-00C04F79EFBC}") = "Supply Management PT XYZ", "Supply Management PT XYZ\Supply Management PT XYZ.csproj", "{9C197A05-E69F-4276-9E22-08C1BEF35DF7}"
EndProject
Global
	GlobalSection(SolutionConfigurationPlatforms) = preSolution
		Debug|Any CPU = Debug|Any CPU
		Release|Any CPU = Release|Any CPU
	EndGlobalSection
	GlobalSection(ProjectConfigurationPlatforms) = postSolution
		{9C197A05-E69F-4276-9E22-08C1BEF35DF7}.Debug|Any CPU.ActiveCfg = Debug|Any CPU
		{9C197A05-E69F-4276-9E22-08C1BEF35DF7}.Debug|Any CPU.Build.0 = Debug|Any CPU
		{9C197A05-E69F-4276-9E22-08C1BEF35DF7}.Release|Any CPU.ActiveCfg = Release|Any CPU
		{9C197A05-E69F-4276-9E22-08C1BEF35DF7}.Release|Any CPU.Build.0 = Release|Any CPU
	EndGlobalSection
	GlobalSection(SolutionProperties) = preSolution
		HideSolutionNode = FALSE
	EndGlobalSection
	GlobalSection(ExtensibilityGlobals) = postSolution
		SolutionGuid = {7F76486D-4951-4E8D-B7D9-A223092DC490}
	EndGlobalSection
EndGlobal
